
Microsoft Visual Studio Solution File, Format Version 12.00
# Visual Studio Version 17
VisualStudioVersion = 17.10.35013.160
MinimumVisualStudioVersion = 10.0.40219.1
Project("{9A19103F-16F7-4668-BE54-9A1E7A4F7556}") = "PasswordKeeper.Core", "PasswordKeeper.Core\PasswordKeeper.Core.csproj", "{C8A81F8E-24BD-4EC3-809F-A30CDAC57C8C}"
EndProject
Project("{9A19103F-16F7-4668-BE54-9A1E7A4F7556}") = "PasswordKeeper.Integration", "PasswordKeeper.Integration\PasswordKeeper.Integration.csproj", "{C3437B76-F8A7-44A6-B2D0-DB33C0D68DD7}"
EndProject
Project("{9A19103F-16F7-4668-BE54-9A1E7A4F7556}") = "PasswordKeeper.App", "PasswordKeeper.App\PasswordKeeper.App.csproj", "{D27D7AAF-F26A-45B9-80DF-0A697DC32150}"
EndProject
Global
	GlobalSection(SolutionConfigurationPlatforms) = preSolution
		Debug|Any CPU = Debug|Any CPU
		Release|Any CPU = Release|Any CPU
	EndGlobalSection
	GlobalSection(ProjectConfigurationPlatforms) = postSolution
		{C8A81F8E-24BD-4EC3-809F-A30CDAC57C8C}.Debug|Any CPU.ActiveCfg = Debug|Any CPU
		{C8A81F8E-24BD-4EC3-809F-A30CDAC57C8C}.Debug|Any CPU.Build.0 = Debug|Any CPU
		{C8A81F8E-24BD-4EC3-809F-A30CDAC57C8C}.Release|Any CPU.ActiveCfg = Release|Any CPU
		{C8A81F8E-24BD-4EC3-809F-A30CDAC57C8C}.Release|Any CPU.Build.0 = Release|Any CPU
		{C3437B76-F8A7-44A6-B2D0-DB33C0D68DD7}.Debug|Any CPU.ActiveCfg = Debug|Any CPU
		{C3437B76-F8A7-44A6-B2D0-DB33C0D68DD7}.Debug|Any CPU.Build.0 = Debug|Any CPU
		{C3437B76-F8A7-44A6-B2D0-DB33C0D68DD7}.Release|Any CPU.ActiveCfg = Release|Any CPU
		{C3437B76-F8A7-44A6-B2D0-DB33C0D68DD7}.Release|Any CPU.Build.0 = Release|Any CPU
		{D27D7AAF-F26A-45B9-80DF-0A697DC32150}.Debug|Any CPU.ActiveCfg = Debug|Any CPU
		{D27D7AAF-F26A-45B9-80DF-0A697DC32150}.Debug|Any CPU.Build.0 = Debug|Any CPU
		{D27D7AAF-F26A-45B9-80DF-0A697DC32150}.Release|Any CPU.ActiveCfg = Release|Any CPU
		{D27D7AAF-F26A-45B9-80DF-0A697DC32150}.Release|Any CPU.Build.0 = Release|Any CPU
	EndGlobalSection
	GlobalSection(SolutionProperties) = preSolution
		HideSolutionNode = FALSE
	EndGlobalSection
	GlobalSection(ExtensibilityGlobals) = postSolution
		SolutionGuid = {56AE9F8A-A6F0-4E99-95C8-FCECFD5852A2}
	EndGlobalSection
EndGlobal
